// !$*UTF8*$!
{
	archiveVersion = 1;
	classes = {
	};
	objectVersion = 46;
	objects = {

/* Begin PBXBuildFile section */
		6251F05F1BF86B6500631289 /* main.m in Sources */ = {isa = PBXBuildFile; fileRef = 6251F05E1BF86B6500631289 /* main.m */; };
		6251F0621BF86B6500631289 /* AppDelegate.m in Sources */ = {isa = PBXBuildFile; fileRef = 6251F0611BF86B6500631289 /* AppDelegate.m */; };
		6251F0651BF86B6500631289 /* MasterViewController.m in Sources */ = {isa = PBXBuildFile; fileRef = 6251F0641BF86B6500631289 /* MasterViewController.m */; };
		6251F0681BF86B6500631289 /* DetailViewController.m in Sources */ = {isa = PBXBuildFile; fileRef = 6251F0671BF86B6500631289 /* DetailViewController.m */; };
		6251F06B1BF86B6500631289 /* Main.storyboard in Resources */ = {isa = PBXBuildFile; fileRef = 6251F0691BF86B6500631289 /* Main.storyboard */; };
		6251F06D1BF86B6500631289 /* Assets.xcassets in Resources */ = {isa = PBXBuildFile; fileRef = 6251F06C1BF86B6500631289 /* Assets.xcassets */; };
		6251F0701BF86B6500631289 /* LaunchScreen.storyboard in Resources */ = {isa = PBXBuildFile; fileRef = 6251F06E1BF86B6500631289 /* LaunchScreen.storyboard */; };
		6251F0791BF872D100631289 /* Album.m in Sources */ = {isa = PBXBuildFile; fileRef = 6251F0781BF872D100631289 /* Album.m */; };
		6251F07C1BF8777900631289 /* AlbumDataController.m in Sources */ = {isa = PBXBuildFile; fileRef = 6251F07B1BF8777900631289 /* AlbumDataController.m */; };
		6251F0821BF8844500631289 /* AlbumTableViewCell.m in Sources */ = {isa = PBXBuildFile; fileRef = 6251F0811BF8844500631289 /* AlbumTableViewCell.m */; };
/* End PBXBuildFile section */

/* Begin PBXFileReference section */
		6251F05A1BF86B6500631289 /* SpinCity.app */ = {isa = PBXFileReference; explicitFileType = wrapper.application; includeInIndex = 0; path = SpinCity.app; sourceTree = BUILT_PRODUCTS_DIR; };
		6251F05E1BF86B6500631289 /* main.m */ = {isa = PBXFileReference; lastKnownFileType = sourcecode.c.objc; path = main.m; sourceTree = "<group>"; };
		6251F0601BF86B6500631289 /* AppDelegate.h */ = {isa = PBXFileReference; lastKnownFileType = sourcecode.c.h; path = AppDelegate.h; sourceTree = "<group>"; };
		6251F0611BF86B6500631289 /* AppDelegate.m */ = {isa = PBXFileReference; lastKnownFileType = sourcecode.c.objc; path = AppDelegate.m; sourceTree = "<group>"; };
		6251F0631BF86B6500631289 /* MasterViewController.h */ = {isa = PBXFileReference; lastKnownFileType = sourcecode.c.h; path = MasterViewController.h; sourceTree = "<group>"; };
		6251F0641BF86B6500631289 /* MasterViewController.m */ = {isa = PBXFileReference; lastKnownFileType = sourcecode.c.objc; path = MasterViewController.m; sourceTree = "<group>"; };
		6251F0661BF86B6500631289 /* DetailViewController.h */ = {isa = PBXFileReference; lastKnownFileType = sourcecode.c.h; path = DetailViewController.h; sourceTree = "<group>"; };
		6251F0671BF86B6500631289 /* DetailViewController.m */ = {isa = PBXFileReference; lastKnownFileType = sourcecode.c.objc; path = DetailViewController.m; sourceTree = "<group>"; };
		6251F06A1BF86B6500631289 /* Base */ = {isa = PBXFileReference; lastKnownFileType = file.storyboard; name = Base; path = Base.lproj/Main.storyboard; sourceTree = "<group>"; };
		6251F06C1BF86B6500631289 /* Assets.xcassets */ = {isa = PBXFileReference; lastKnownFileType = folder.assetcatalog; path = Assets.xcassets; sourceTree = "<group>"; };
		6251F06F1BF86B6500631289 /* Base */ = {isa = PBXFileReference; lastKnownFileType = file.storyboard; name = Base; path = Base.lproj/LaunchScreen.storyboard; sourceTree = "<group>"; };
		6251F0711BF86B6500631289 /* Info.plist */ = {isa = PBXFileReference; lastKnownFileType = text.plist.xml; path = Info.plist; sourceTree = "<group>"; };
		6251F0771BF872D100631289 /* Album.h */ = {isa = PBXFileReference; fileEncoding = 4; lastKnownFileType = sourcecode.c.h; path = Album.h; sourceTree = "<group>"; };
		6251F0781BF872D100631289 /* Album.m */ = {isa = PBXFileReference; fileEncoding = 4; lastKnownFileType = sourcecode.c.objc; path = Album.m; sourceTree = "<group>"; };
		6251F07A1BF8777900631289 /* AlbumDataController.h */ = {isa = PBXFileReference; fileEncoding = 4; lastKnownFileType = sourcecode.c.h; path = AlbumDataController.h; sourceTree = "<group>"; };
		6251F07B1BF8777900631289 /* AlbumDataController.m */ = {isa = PBXFileReference; fileEncoding = 4; lastKnownFileType = sourcecode.c.objc; path = AlbumDataController.m; sourceTree = "<group>"; };
		6251F0801BF8844500631289 /* AlbumTableViewCell.h */ = {isa = PBXFileReference; fileEncoding = 4; lastKnownFileType = sourcecode.c.h; path = AlbumTableViewCell.h; sourceTree = "<group>"; };
		6251F0811BF8844500631289 /* AlbumTableViewCell.m */ = {isa = PBXFileReference; fileEncoding = 4; lastKnownFileType = sourcecode.c.objc; path = AlbumTableViewCell.m; sourceTree = "<group>"; };
/* End PBXFileReference section */

/* Begin PBXFrameworksBuildPhase section */
		6251F0571BF86B6500631289 /* Frameworks */ = {
			isa = PBXFrameworksBuildPhase;
			buildActionMask = 2147483647;
			files = (
			);
			runOnlyForDeploymentPostprocessing = 0;
		};
/* End PBXFrameworksBuildPhase section */

/* Begin PBXGroup section */
		6251F0511BF86B6500631289 = {
			isa = PBXGroup;
			children = (
				6251F05C1BF86B6500631289 /* SpinCity */,
				6251F05B1BF86B6500631289 /* Products */,
			);
			sourceTree = "<group>";
		};
		6251F05B1BF86B6500631289 /* Products */ = {
			isa = PBXGroup;
			children = (
				6251F05A1BF86B6500631289 /* SpinCity.app */,
			);
			name = Products;
			sourceTree = "<group>";
		};
		6251F05C1BF86B6500631289 /* SpinCity */ = {
			isa = PBXGroup;
			children = (
				6251F0601BF86B6500631289 /* AppDelegate.h */,
				6251F0611BF86B6500631289 /* AppDelegate.m */,
				6251F0631BF86B6500631289 /* MasterViewController.h */,
				6251F0641BF86B6500631289 /* MasterViewController.m */,
				6251F0661BF86B6500631289 /* DetailViewController.h */,
				6251F0671BF86B6500631289 /* DetailViewController.m */,
				6251F0691BF86B6500631289 /* Main.storyboard */,
				6251F06C1BF86B6500631289 /* Assets.xcassets */,
				6251F06E1BF86B6500631289 /* LaunchScreen.storyboard */,
				6251F0711BF86B6500631289 /* Info.plist */,
				6251F05D1BF86B6500631289 /* Supporting Files */,
				6251F0771BF872D100631289 /* Album.h */,
				6251F0781BF872D100631289 /* Album.m */,
				6251F07A1BF8777900631289 /* AlbumDataController.h */,
				6251F07B1BF8777900631289 /* AlbumDataController.m */,
				6251F0801BF8844500631289 /* AlbumTableViewCell.h */,
				6251F0811BF8844500631289 /* AlbumTableViewCell.m */,
			);
			path = SpinCity;
			sourceTree = "<group>";
		};
		6251F05D1BF86B6500631289 /* Supporting Files */ = {
			isa = PBXGroup;
			children = (
				6251F05E1BF86B6500631289 /* main.m */,
			);
			name = "Supporting Files";
			sourceTree = "<group>";
		};
/* End PBXGroup section */

/* Begin PBXNativeTarget section */
		6251F0591BF86B6500631289 /* SpinCity */ = {
			isa = PBXNativeTarget;
			buildConfigurationList = 6251F0741BF86B6500631289 /* Build configuration list for PBXNativeTarget "SpinCity" */;
			buildPhases = (
				6251F0561BF86B6500631289 /* Sources */,
				6251F0571BF86B6500631289 /* Frameworks */,
				6251F0581BF86B6500631289 /* Resources */,
			);
			buildRules = (
			);
			dependencies = (
			);
			name = SpinCity;
			productName = SpinCity;
			productReference = 6251F05A1BF86B6500631289 /* SpinCity.app */;
			productType = "com.apple.product-type.application";
		};
/* End PBXNativeTarget section */

/* Begin PBXProject section */
		6251F0521BF86B6500631289 /* Project object */ = {
			isa = PBXProject;
			attributes = {
				LastUpgradeCheck = 0710;
				ORGANIZATIONNAME = "Element 84";
				TargetAttributes = {
					6251F0591BF86B6500631289 = {
						CreatedOnToolsVersion = 7.1.1;
						DevelopmentTeam = 345L26U9UZ;
					};
				};
			};
			buildConfigurationList = 6251F0551BF86B6500631289 /* Build configuration list for PBXProject "SpinCity" */;
			compatibilityVersion = "Xcode 3.2";
			developmentRegion = English;
			hasScannedForEncodings = 0;
			knownRegions = (
				en,
				Base,
			);
			mainGroup = 6251F0511BF86B6500631289;
			productRefGroup = 6251F05B1BF86B6500631289 /* Products */;
			projectDirPath = "";
			projectRoot = "";
			targets = (
				6251F0591BF86B6500631289 /* SpinCity */,
			);
		};
/* End PBXProject section */

/* Begin PBXResourcesBuildPhase section */
		6251F0581BF86B6500631289 /* Resources */ = {
			isa = PBXResourcesBuildPhase;
			buildActionMask = 2147483647;
			files = (
				6251F0701BF86B6500631289 /* LaunchScreen.storyboard in Resources */,
				6251F06D1BF86B6500631289 /* Assets.xcassets in Resources */,
				6251F06B1BF86B6500631289 /* Main.storyboard in Resources */,
			);
			runOnlyForDeploymentPostprocessing = 0;
		};
/* End PBXResourcesBuildPhase section */

/* Begin PBXSourcesBuildPhase section */
		6251F0561BF86B6500631289 /* Sources */ = {
			isa = PBXSourcesBuildPhase;
			buildActionMask = 2147483647;
			files = (
				6251F0621BF86B6500631289 /* AppDelegate.m in Sources */,
				6251F07C1BF8777900631289 /* AlbumDataController.m in Sources */,
				6251F0651BF86B6500631289 /* MasterViewController.m in Sources */,
				6251F05F1BF86B6500631289 /* main.m in Sources */,
				6251F0821BF8844500631289 /* AlbumTableViewCell.m in Sources */,
				6251F0791BF872D100631289 /* Album.m in Sources */,
				6251F0681BF86B6500631289 /* DetailViewController.m in Sources */,
			);
			runOnlyForDeploymentPostprocessing = 0;
		};
/* End PBXSourcesBuildPhase section */

/* Begin PBXVariantGroup section */
		6251F0691BF86B6500631289 /* Main.storyboard */ = {
			isa = PBXVariantGroup;
			children = (
				6251F06A1BF86B6500631289 /* Base */,
			);
			name = Main.storyboard;
			sourceTree = "<group>";
		};
		6251F06E1BF86B6500631289 /* LaunchScreen.storyboard */ = {
			isa = PBXVariantGroup;
			children = (
				6251F06F1BF86B6500631289 /* Base */,
			);
			name = LaunchScreen.storyboard;
			sourceTree = "<group>";
		};
/* End PBXVariantGroup section */

/* Begin XCBuildConfiguration section */
		6251F0721BF86B6500631289 /* Debug */ = {
			isa = XCBuildConfiguration;
			buildSettings = {
				ALWAYS_SEARCH_USER_PATHS = NO;
				CLANG_CXX_LANGUAGE_STANDARD = "gnu++0x";
				CLANG_CXX_LIBRARY = "libc++";
				CLANG_ENABLE_MODULES = YES;
				CLANG_ENABLE_OBJC_ARC = YES;
				CLANG_WARN_BOOL_CONVERSION = YES;
				CLANG_WARN_CONSTANT_CONVERSION = YES;
				CLANG_WARN_DIRECT_OBJC_ISA_USAGE = YES_ERROR;
				CLANG_WARN_EMPTY_BODY = YES;
				CLANG_WARN_ENUM_CONVERSION = YES;
				CLANG_WARN_INT_CONVERSION = YES;
				CLANG_WARN_OBJC_ROOT_CLASS = YES_ERROR;
				CLANG_WARN_UNREACHABLE_CODE = YES;
				CLANG_WARN__DUPLICATE_METHOD_MATCH = YES;
				"CODE_SIGN_IDENTITY[sdk=iphoneos*]" = "iPhone Developer";
				COPY_PHASE_STRIP = NO;
				DEBUG_INFORMATION_FORMAT = dwarf;
				ENABLE_STRICT_OBJC_MSGSEND = YES;
				ENABLE_TESTABILITY = YES;
				GCC_C_LANGUAGE_STANDARD = gnu99;
				GCC_DYNAMIC_NO_PIC = NO;
				GCC_NO_COMMON_BLOCKS = YES;
				GCC_OPTIMIZATION_LEVEL = 0;
				GCC_PREPROCESSOR_DEFINITIONS = (
					"DEBUG=1",
					"$(inherited)",
				);
				GCC_WARN_64_TO_32_BIT_CONVERSION = YES;
				GCC_WARN_ABOUT_RETURN_TYPE = YES_ERROR;
				GCC_WARN_UNDECLARED_SELECTOR = YES;
				GCC_WARN_UNINITIALIZED_AUTOS = YES_AGGRESSIVE;
				GCC_WARN_UNUSED_FUNCTION = YES;
				GCC_WARN_UNUSED_VARIABLE = YES;
				IPHONEOS_DEPLOYMENT_TARGET = 9.1;
				MTL_ENABLE_DEBUG_INFO = YES;
				ONLY_ACTIVE_ARCH = YES;
				SDKROOT = iphoneos;
			};
			name = Debug;
		};
		6251F0731BF86B6500631289 /* Release */ = {
			isa = XCBuildConfiguration;
			buildSettings = {
				ALWAYS_SEARCH_USER_PATHS = NO;
				CLANG_CXX_LANGUAGE_STANDARD = "gnu++0x";
				CLANG_CXX_LIBRARY = "libc++";
				CLANG_ENABLE_MODULES = YES;
				CLANG_ENABLE_OBJC_ARC = YES;
				CLANG_WARN_BOOL_CONVERSION = YES;
				CLANG_WARN_CONSTANT_CONVERSION = YES;
				CLANG_WARN_DIRECT_OBJC_ISA_USAGE = YES_ERROR;
				CLANG_WARN_EMPTY_BODY = YES;
				CLANG_WARN_ENUM_CONVERSION = YES;
				CLANG_WARN_INT_CONVERSION = YES;
				CLANG_WARN_OBJC_ROOT_CLASS = YES_ERROR;
				CLANG_WARN_UNREACHABLE_CODE = YES;
				CLANG_WARN__DUPLICATE_METHOD_MATCH = YES;
				"CODE_SIGN_IDENTITY[sdk=iphoneos*]" = "iPhone Developer";
				COPY_PHASE_STRIP = NO;
				DEBUG_INFORMATION_FORMAT = "dwarf-with-dsym";
				ENABLE_NS_ASSERTIONS = NO;
				ENABLE_STRICT_OBJC_MSGSEND = YES;
				GCC_C_LANGUAGE_STANDARD = gnu99;
				GCC_NO_COMMON_BLOCKS = YES;
				GCC_WARN_64_TO_32_BIT_CONVERSION = YES;
				GCC_WARN_ABOUT_RETURN_TYPE = YES_ERROR;
				GCC_WARN_UNDECLARED_SELECTOR = YES;
				GCC_WARN_UNINITIALIZED_AUTOS = YES_AGGRESSIVE;
				GCC_WARN_UNUSED_FUNCTION = YES;
				GCC_WARN_UNUSED_VARIABLE = YES;
				IPHONEOS_DEPLOYMENT_TARGET = 9.1;
				MTL_ENABLE_DEBUG_INFO = NO;
				SDKROOT = iphoneos;
				VALIDATE_PRODUCT = YES;
			};
			name = Release;
		};
		6251F0751BF86B6500631289 /* Debug */ = {
			isa = XCBuildConfiguration;
			buildSettings = {
				ASSETCATALOG_COMPILER_APPICON_NAME = AppIcon;
				INFOPLIST_FILE = SpinCity/Info.plist;
				LD_RUNPATH_SEARCH_PATHS = "$(inherited) @executable_path/Frameworks";
				PRODUCT_BUNDLE_IDENTIFIER = yun.SpinCity;
				PRODUCT_NAME = "$(TARGET_NAME)";
			};
			name = Debug;
		};
		6251F0761BF86B6500631289 /* Release */ = {
			isa = XCBuildConfiguration;
			buildSettings = {
				ASSETCATALOG_COMPILER_APPICON_NAME = AppIcon;
				INFOPLIST_FILE = SpinCity/Info.plist;
				LD_RUNPATH_SEARCH_PATHS = "$(inherited) @executable_path/Frameworks";
				PRODUCT_BUNDLE_IDENTIFIER = yun.SpinCity;
				PRODUCT_NAME = "$(TARGET_NAME)";
			};
			name = Release;
		};
/* End XCBuildConfiguration section */

/* Begin XCConfigurationList section */
		6251F0551BF86B6500631289 /* Build configuration list for PBXProject "SpinCity" */ = {
			isa = XCConfigurationList;
			buildConfigurations = (
				6251F0721BF86B6500631289 /* Debug */,
				6251F0731BF86B6500631289 /* Release */,
			);
			defaultConfigurationIsVisible = 0;
			defaultConfigurationName = Release;
		};
		6251F0741BF86B6500631289 /* Build configuration list for PBXNativeTarget "SpinCity" */ = {
			isa = XCConfigurationList;
			buildConfigurations = (
				6251F0751BF86B6500631289 /* Debug */,
				6251F0761BF86B6500631289 /* Release */,
			);
			defaultConfigurationIsVisible = 0;
			defaultConfigurationName = Release;
		};
/* End XCConfigurationList section */
	};
	rootObject = 6251F0521BF86B6500631289 /* Project object */;
}
